
Microsoft Visual Studio Solution File, Format Version 12.00
# Visual Studio 2012
Project("{FAE04EC0-301F-11D3-BF4B-00C04F79EFBC}") = "MVCReview", "MVCReview\MVCReview.csproj", "{81A3094E-5E72-4604-AD19-630A54E8ADAC}"
EndProject
Project("{2150E333-8FDC-42A3-9474-1A3956D46DE8}") = "Core", "Core", "{DD843EA1-9729-46AC-94E6-011816E09D83}"
EndProject
Project("{2150E333-8FDC-42A3-9474-1A3956D46DE8}") = "Application", "Application", "{D3DF1C64-FA5C-469A-8BC8-653A279319B9}"
EndProject
Project("{2150E333-8FDC-42A3-9474-1A3956D46DE8}") = "Domain", "Domain", "{77769054-D43E-4375-8461-6767E5CFDCF9}"
EndProject
Project("{FAE04EC0-301F-11D3-BF4B-00C04F79EFBC}") = "Model", "Model\Model.csproj", "{54E039E2-CE35-4EAE-846D-B5E163036615}"
EndProject
Project("{2150E333-8FDC-42A3-9474-1A3956D46DE8}") = "Infrastructure", "Infrastructure", "{F4E3FB98-CC8B-48B2-B86D-996F18804F60}"
EndProject
Project("{FAE04EC0-301F-11D3-BF4B-00C04F79EFBC}") = "DataAccess", "DataAccess\DataAccess.csproj", "{8BD27625-BA15-423C-8D05-D3F8A31BF414}"
EndProject
Project("{2150E333-8FDC-42A3-9474-1A3956D46DE8}") = ".nuget", ".nuget", "{5E6D2B1D-EAC3-447B-B6A7-0462B017762D}"
	ProjectSection(SolutionItems) = preProject
		.nuget\NuGet.Config = .nuget\NuGet.Config
		.nuget\NuGet.exe = .nuget\NuGet.exe
		.nuget\NuGet.targets = .nuget\NuGet.targets
	EndProjectSection
EndProject
Project("{FAE04EC0-301F-11D3-BF4B-00C04F79EFBC}") = "Services", "Services\Services.csproj", "{6ECB8A95-1EED-43D0-A658-7FC3D37715C3}"
EndProject
Project("{FAE04EC0-301F-11D3-BF4B-00C04F79EFBC}") = "Repository.Interfaces", "Interface\Repository.Interfaces.csproj", "{653DB9EB-85BA-4810-A8BB-05176002846E}"
EndProject
Project("{FAE04EC0-301F-11D3-BF4B-00C04F79EFBC}") = "Services.Interfaces", "Interfaces\Services.Interfaces.csproj", "{7A833855-FBF8-4A66-9060-5EE5E7677B8C}"
EndProject
Project("{FAE04EC0-301F-11D3-BF4B-00C04F79EFBC}") = "IOC", "IOC\IOC.csproj", "{9794BB9C-AAD9-4B2E-B0DB-C47A79AB20EB}"
EndProject
Project("{2150E333-8FDC-42A3-9474-1A3956D46DE8}") = "Sql", "Sql", "{7DB720B8-3B3C-482E-8395-E27A8F62F2FA}"
EndProject
Project("{00D1A9C2-B5F0-4AF3-8072-F6C62B433612}") = "MVCReviewDatabase", "MVCReviewDatabase\MVCReviewDatabase.sqlproj", "{D44C6071-A2CB-4ED7-8813-7EB8E3B75342}"
EndProject
Global
	GlobalSection(SolutionConfigurationPlatforms) = preSolution
		Debug|Any CPU = Debug|Any CPU
		Release|Any CPU = Release|Any CPU
	EndGlobalSection
	GlobalSection(ProjectConfigurationPlatforms) = postSolution
		{81A3094E-5E72-4604-AD19-630A54E8ADAC}.Debug|Any CPU.ActiveCfg = Debug|Any CPU
		{81A3094E-5E72-4604-AD19-630A54E8ADAC}.Debug|Any CPU.Build.0 = Debug|Any CPU
		{81A3094E-5E72-4604-AD19-630A54E8ADAC}.Release|Any CPU.ActiveCfg = Release|Any CPU
		{81A3094E-5E72-4604-AD19-630A54E8ADAC}.Release|Any CPU.Build.0 = Release|Any CPU
		{54E039E2-CE35-4EAE-846D-B5E163036615}.Debug|Any CPU.ActiveCfg = Debug|Any CPU
		{54E039E2-CE35-4EAE-846D-B5E163036615}.Debug|Any CPU.Build.0 = Debug|Any CPU
		{54E039E2-CE35-4EAE-846D-B5E163036615}.Release|Any CPU.ActiveCfg = Release|Any CPU
		{54E039E2-CE35-4EAE-846D-B5E163036615}.Release|Any CPU.Build.0 = Release|Any CPU
		{8BD27625-BA15-423C-8D05-D3F8A31BF414}.Debug|Any CPU.ActiveCfg = Debug|Any CPU
		{8BD27625-BA15-423C-8D05-D3F8A31BF414}.Debug|Any CPU.Build.0 = Debug|Any CPU
		{8BD27625-BA15-423C-8D05-D3F8A31BF414}.Release|Any CPU.ActiveCfg = Release|Any CPU
		{8BD27625-BA15-423C-8D05-D3F8A31BF414}.Release|Any CPU.Build.0 = Release|Any CPU
		{6ECB8A95-1EED-43D0-A658-7FC3D37715C3}.Debug|Any CPU.ActiveCfg = Debug|Any CPU
		{6ECB8A95-1EED-43D0-A658-7FC3D37715C3}.Debug|Any CPU.Build.0 = Debug|Any CPU
		{6ECB8A95-1EED-43D0-A658-7FC3D37715C3}.Release|Any CPU.ActiveCfg = Release|Any CPU
		{6ECB8A95-1EED-43D0-A658-7FC3D37715C3}.Release|Any CPU.Build.0 = Release|Any CPU
		{653DB9EB-85BA-4810-A8BB-05176002846E}.Debug|Any CPU.ActiveCfg = Debug|Any CPU
		{653DB9EB-85BA-4810-A8BB-05176002846E}.Debug|Any CPU.Build.0 = Debug|Any CPU
		{653DB9EB-85BA-4810-A8BB-05176002846E}.Release|Any CPU.ActiveCfg = Release|Any CPU
		{653DB9EB-85BA-4810-A8BB-05176002846E}.Release|Any CPU.Build.0 = Release|Any CPU
		{7A833855-FBF8-4A66-9060-5EE5E7677B8C}.Debug|Any CPU.ActiveCfg = Debug|Any CPU
		{7A833855-FBF8-4A66-9060-5EE5E7677B8C}.Debug|Any CPU.Build.0 = Debug|Any CPU
		{7A833855-FBF8-4A66-9060-5EE5E7677B8C}.Release|Any CPU.ActiveCfg = Release|Any CPU
		{7A833855-FBF8-4A66-9060-5EE5E7677B8C}.Release|Any CPU.Build.0 = Release|Any CPU
		{9794BB9C-AAD9-4B2E-B0DB-C47A79AB20EB}.Debug|Any CPU.ActiveCfg = Debug|Any CPU
		{9794BB9C-AAD9-4B2E-B0DB-C47A79AB20EB}.Debug|Any CPU.Build.0 = Debug|Any CPU
		{9794BB9C-AAD9-4B2E-B0DB-C47A79AB20EB}.Release|Any CPU.ActiveCfg = Release|Any CPU
		{9794BB9C-AAD9-4B2E-B0DB-C47A79AB20EB}.Release|Any CPU.Build.0 = Release|Any CPU
		{D44C6071-A2CB-4ED7-8813-7EB8E3B75342}.Debug|Any CPU.ActiveCfg = Debug|Any CPU
		{D44C6071-A2CB-4ED7-8813-7EB8E3B75342}.Debug|Any CPU.Build.0 = Debug|Any CPU
		{D44C6071-A2CB-4ED7-8813-7EB8E3B75342}.Debug|Any CPU.Deploy.0 = Debug|Any CPU
		{D44C6071-A2CB-4ED7-8813-7EB8E3B75342}.Release|Any CPU.ActiveCfg = Release|Any CPU
		{D44C6071-A2CB-4ED7-8813-7EB8E3B75342}.Release|Any CPU.Build.0 = Release|Any CPU
		{D44C6071-A2CB-4ED7-8813-7EB8E3B75342}.Release|Any CPU.Deploy.0 = Release|Any CPU
	EndGlobalSection
	GlobalSection(SolutionProperties) = preSolution
		HideSolutionNode = FALSE
	EndGlobalSection
	GlobalSection(NestedProjects) = preSolution
		{D3DF1C64-FA5C-469A-8BC8-653A279319B9} = {DD843EA1-9729-46AC-94E6-011816E09D83}
		{77769054-D43E-4375-8461-6767E5CFDCF9} = {DD843EA1-9729-46AC-94E6-011816E09D83}
		{6ECB8A95-1EED-43D0-A658-7FC3D37715C3} = {D3DF1C64-FA5C-469A-8BC8-653A279319B9}
		{7A833855-FBF8-4A66-9060-5EE5E7677B8C} = {D3DF1C64-FA5C-469A-8BC8-653A279319B9}
		{54E039E2-CE35-4EAE-846D-B5E163036615} = {77769054-D43E-4375-8461-6767E5CFDCF9}
		{653DB9EB-85BA-4810-A8BB-05176002846E} = {77769054-D43E-4375-8461-6767E5CFDCF9}
		{8BD27625-BA15-423C-8D05-D3F8A31BF414} = {F4E3FB98-CC8B-48B2-B86D-996F18804F60}
		{9794BB9C-AAD9-4B2E-B0DB-C47A79AB20EB} = {F4E3FB98-CC8B-48B2-B86D-996F18804F60}
		{7DB720B8-3B3C-482E-8395-E27A8F62F2FA} = {F4E3FB98-CC8B-48B2-B86D-996F18804F60}
		{D44C6071-A2CB-4ED7-8813-7EB8E3B75342} = {7DB720B8-3B3C-482E-8395-E27A8F62F2FA}
	EndGlobalSection
EndGlobal
